
Microsoft Visual Studio Solution File, Format Version 12.00
# Visual Studio Version 17
VisualStudioVersion = 17.1.32210.238
MinimumVisualStudioVersion = 10.0.40219.1
Project("{FAE04EC0-301F-11D3-BF4B-00C04F79EFBC}") = "E01_AlgorithmsOf", "E01_AlgorithmsOf\E01_AlgorithmsOf.csproj", "{3DFFDC31-4DF9-4A87-B82F-04DE51853793}"
EndProject
Global
	GlobalSection(SolutionConfigurationPlatforms) = preSolution
		Debug|Any CPU = Debug|Any CPU
		Release|Any CPU = Release|Any CPU
	EndGlobalSection
	GlobalSection(ProjectConfigurationPlatforms) = postSolution
		{3DFFDC31-4DF9-4A87-B82F-04DE51853793}.Debug|Any CPU.ActiveCfg = Debug|Any CPU
		{3DFFDC31-4DF9-4A87-B82F-04DE51853793}.Debug|Any CPU.Build.0 = Debug|Any CPU
		{3DFFDC31-4DF9-4A87-B82F-04DE51853793}.Release|Any CPU.ActiveCfg = Release|Any CPU
		{3DFFDC31-4DF9-4A87-B82F-04DE51853793}.Release|Any CPU.Build.0 = Release|Any CPU
	EndGlobalSection
	GlobalSection(SolutionProperties) = preSolution
		HideSolutionNode = FALSE
	EndGlobalSection
	GlobalSection(ExtensibilityGlobals) = postSolution
		SolutionGuid = {232A3EC2-F118-424E-85E3-384B3F892C54}
	EndGlobalSection
EndGlobal
